
Microsoft Visual Studio Solution File, Format Version 12.00
# Visual Studio Version 16
VisualStudioVersion = 16.0.29609.76
MinimumVisualStudioVersion = 10.0.40219.1
Project("{8BC9CEB8-8B4A-11D0-8D11-00A0C91BC942}") = "CPP CRM", "CPP CRM.vcxproj", "{EB8217BC-F549-4CEC-A217-E869AC93D187}"
EndProject
Global
	GlobalSection(SolutionConfigurationPlatforms) = preSolution
		Debug|x64 = Debug|x64
		Debug|x86 = Debug|x86
		Release|x64 = Release|x64
		Release|x86 = Release|x86
	EndGlobalSection
	GlobalSection(ProjectConfigurationPlatforms) = postSolution
		{EB8217BC-F549-4CEC-A217-E869AC93D187}.Debug|x64.ActiveCfg = Debug|Win32
		{EB8217BC-F549-4CEC-A217-E869AC93D187}.Debug|x64.Build.0 = Debug|Win32
		{EB8217BC-F549-4CEC-A217-E869AC93D187}.Debug|x86.ActiveCfg = Debug|Win32
		{EB8217BC-F549-4CEC-A217-E869AC93D187}.Debug|x86.Build.0 = Debug|Win32
		{EB8217BC-F549-4CEC-A217-E869AC93D187}.Release|x64.ActiveCfg = Release|x64
		{EB8217BC-F549-4CEC-A217-E869AC93D187}.Release|x64.Build.0 = Release|x64
		{EB8217BC-F549-4CEC-A217-E869AC93D187}.Release|x86.ActiveCfg = Release|Win32
		{EB8217BC-F549-4CEC-A217-E869AC93D187}.Release|x86.Build.0 = Release|Win32
	EndGlobalSection
	GlobalSection(SolutionProperties) = preSolution
		HideSolutionNode = FALSE
	EndGlobalSection
	GlobalSection(ExtensibilityGlobals) = postSolution
		SolutionGuid = {D5190385-26C6-40A7-8A8C-32F08D8D8029}
	EndGlobalSection
EndGlobal
